
Microsoft Visual Studio Solution File, Format Version 12.00
# Visual Studio Version 17
VisualStudioVersion = 17.8.34330.188
MinimumVisualStudioVersion = 10.0.40219.1
Project("{9A19103F-16F7-4668-BE54-9A1E7A4F7556}") = "MuriloVieiraDESK", "MuriloVieiraDESK\MuriloVieiraDESK.csproj", "{A1E50916-C98B-4656-B254-6D4313EC7DAB}"
EndProject
Project("{9A19103F-16F7-4668-BE54-9A1E7A4F7556}") = "MuriloVieiraClass", "MuriloVIeiraClass\MuriloVieiraClass.csproj", "{198028B1-A043-4FD4-9FA7-52F642DB1562}"
EndProject
Global
	GlobalSection(SolutionConfigurationPlatforms) = preSolution
		Debug|Any CPU = Debug|Any CPU
		Release|Any CPU = Release|Any CPU
	EndGlobalSection
	GlobalSection(ProjectConfigurationPlatforms) = postSolution
		{A1E50916-C98B-4656-B254-6D4313EC7DAB}.Debug|Any CPU.ActiveCfg = Debug|Any CPU
		{A1E50916-C98B-4656-B254-6D4313EC7DAB}.Debug|Any CPU.Build.0 = Debug|Any CPU
		{A1E50916-C98B-4656-B254-6D4313EC7DAB}.Release|Any CPU.ActiveCfg = Release|Any CPU
		{A1E50916-C98B-4656-B254-6D4313EC7DAB}.Release|Any CPU.Build.0 = Release|Any CPU
		{198028B1-A043-4FD4-9FA7-52F642DB1562}.Debug|Any CPU.ActiveCfg = Debug|Any CPU
		{198028B1-A043-4FD4-9FA7-52F642DB1562}.Debug|Any CPU.Build.0 = Debug|Any CPU
		{198028B1-A043-4FD4-9FA7-52F642DB1562}.Release|Any CPU.ActiveCfg = Release|Any CPU
		{198028B1-A043-4FD4-9FA7-52F642DB1562}.Release|Any CPU.Build.0 = Release|Any CPU
	EndGlobalSection
	GlobalSection(SolutionProperties) = preSolution
		HideSolutionNode = FALSE
	EndGlobalSection
	GlobalSection(ExtensibilityGlobals) = postSolution
		SolutionGuid = {EFA1FF9B-631B-4BA8-8AFA-3590D18421D8}
	EndGlobalSection
EndGlobal
